
Microsoft Visual Studio Solution File, Format Version 12.00
# Visual Studio Version 17
VisualStudioVersion = 17.14.37614.0 d17.14
MinimumVisualStudioVersion = 10.0.40219.1
Project("{FAE04EC0-301F-11D3-BF4B-00C04F79EFBC}") = "BlockBlast", "BlockBlast\BlockBlast.csproj", "{5EECF7A1-B886-4558-AF59-E755809C6350}"
EndProject
Global
	GlobalSection(SolutionConfigurationPlatforms) = preSolution
		Debug|Any CPU = Debug|Any CPU
		Release|Any CPU = Release|Any CPU
	EndGlobalSection
	GlobalSection(ProjectConfigurationPlatforms) = postSolution
		{5EECF7A1-B886-4558-AF59-E755809C6350}.Debug|Any CPU.ActiveCfg = Debug|Any CPU
		{5EECF7A1-B886-4558-AF59-E755809C6350}.Debug|Any CPU.Build.0 = Debug|Any CPU
		{5EECF7A1-B886-4558-AF59-E755809C6350}.Release|Any CPU.ActiveCfg = Release|Any CPU
		{5EECF7A1-B886-4558-AF59-E755809C6350}.Release|Any CPU.Build.0 = Release|Any CPU
	EndGlobalSection
	GlobalSection(SolutionProperties) = preSolution
		HideSolutionNode = FALSE
	EndGlobalSection
	GlobalSection(ExtensibilityGlobals) = postSolution
		SolutionGuid = {EFF67AED-6D95-448A-8E2E-73DE0DC407B3}
	EndGlobalSection
EndGlobal
